{"1.1.0",
[{<<"cowboy">>,
  {git,"https://github.com/ninenines/cowboy",
       {ref,"d846827b2a70317914621328bd617e4e5d4d13d8"}},
  0},
 {<<"cowlib">>,
  {git,"https://github.com/ninenines/cowlib",
       {ref,"75aaeb8415033b07303febbfeba66d6d3413ad06"}},
  1},
 {<<"goldrush">>,{pkg,<<"goldrush">>,<<"0.1.9">>},1},
 {<<"gproc">>,
  {git,"https://github.com/uwiger/gproc",
       {ref,"ce7397809aca0d6eb3aac6db65953752e47fb511"}},
  0},
 {<<"jsx">>,
  {git,"https://github.com/talentdeficit/jsx",
       {ref,"fc2a001073f2300ba38427c23e83d5673c020542"}},
  0},
 {<<"lager">>,
  {git,"https://github.com/erlang-lager/lager",
       {ref,"4ffdf0dbef53304bc0e958a00776bf0650de8c8b"}},
  0},
 {<<"poolboy">>,
  {git,"https://github.com/devinus/poolboy",
       {ref,"29be47db8c2be38b18c908e43a80ebb7b9b6116b"}},
  0},
 {<<"ranch">>,
  {git,"https://github.com/ninenines/ranch",
       {ref,"3190aef88aea04d6dce8545fe9b4574288903f44"}},
  1},
 {<<"recen">>,
  {git,"https://github.com/ferd/recon",
       {ref,"a1551ddaf4ec2982a0e1451d5fea635b07243dee"}},
  0},
 {<<"recon">>,
  {git,"https://github.com/ferd/recon",
       {ref,"d19f241c414ef1681a27ac9ed019a984acbe6863"}},
  0}]}.
[
{pkg_hash,[
 {<<"goldrush">>, <<"F06E5D5F1277DA5C413E84D5A2924174182FB108DABB39D5EC548B27424CD106">>}]}
].
