{"1.1.0",
[{<<"cowboy">>,
  {git,"https://github.com/ninenines/cowboy",
       {ref,"c998673eb009da2ea4dc0e6ef0332534cf679cc4"}},
  0},
 {<<"cowlib">>,
  {git,"https://github.com/ninenines/cowlib",
       {ref,"106ba84bb04537879d8ce59321a04e0682110b91"}},
  1},
 {<<"goldrush">>,{pkg,<<"goldrush">>,<<"0.1.9">>},1},
 {<<"gproc">>,
  {git,"https://github.com/uwiger/gproc",
       {ref,"ce7397809aca0d6eb3aac6db65953752e47fb511"}},
  0},
 {<<"jsx">>,
  {git,"https://github.com/talentdeficit/jsx",
       {ref,"fc2a001073f2300ba38427c23e83d5673c020542"}},
  0},
 {<<"lager">>,
  {git,"https://github.com/erlang-lager/lager",
       {ref,"69b4ada2341b8ab2cf5c8e464ac936e5e4a9f62b"}},
  0},
 {<<"poolboy">>,
  {git,"https://github.com/devinus/poolboy",
       {ref,"29be47db8c2be38b18c908e43a80ebb7b9b6116b"}},
  0},
 {<<"ranch">>,
  {git,"https://github.com/ninenines/ranch",
       {ref,"9b8ed47d789412b0021bfc1f94f1c17c387c721c"}},
  1},
 {<<"recon">>,
  {git,"https://github.com/ferd/recon",
       {ref,"d19f241c414ef1681a27ac9ed019a984acbe6863"}},
  0}]}.
[
{pkg_hash,[
 {<<"goldrush">>, <<"F06E5D5F1277DA5C413E84D5A2924174182FB108DABB39D5EC548B27424CD106">>}]}
].
